
Microsoft Visual Studio Solution File, Format Version 11.00
# Visual Studio 2010
Project("{FAE04EC0-301F-11D3-BF4B-00C04F79EFBC}") = "FileManagementWindowsService", "FileManagementWindowsService\FileManagementWindowsService.csproj", "{94902308-017F-44AF-8CA8-92DC05B4E773}"
EndProject
Project("{54435603-DBB4-11D2-8724-00A0C9A8B90C}") = "FMSWindowsService", "FMSWindowsService\FMSWindowsService.vdproj", "{4F10E32D-5F4A-4DA4-9270-0C4DC2A381F8}"
EndProject
Global
	GlobalSection(SolutionConfigurationPlatforms) = preSolution
		Debug|x86 = Debug|x86
		Release|x86 = Release|x86
	EndGlobalSection
	GlobalSection(ProjectConfigurationPlatforms) = postSolution
		{94902308-017F-44AF-8CA8-92DC05B4E773}.Debug|x86.ActiveCfg = Debug|x86
		{94902308-017F-44AF-8CA8-92DC05B4E773}.Debug|x86.Build.0 = Debug|x86
		{94902308-017F-44AF-8CA8-92DC05B4E773}.Release|x86.ActiveCfg = Release|x86
		{94902308-017F-44AF-8CA8-92DC05B4E773}.Release|x86.Build.0 = Release|x86
		{4F10E32D-5F4A-4DA4-9270-0C4DC2A381F8}.Debug|x86.ActiveCfg = Debug
		{4F10E32D-5F4A-4DA4-9270-0C4DC2A381F8}.Release|x86.ActiveCfg = Release
	EndGlobalSection
	GlobalSection(SolutionProperties) = preSolution
		HideSolutionNode = FALSE
	EndGlobalSection
EndGlobal
